
Microsoft Visual Studio Solution File, Format Version 12.00
# Visual Studio Version 17
VisualStudioVersion = 17.2.32616.157
MinimumVisualStudioVersion = 10.0.40219.1
Project("{FAE04EC0-301F-11D3-BF4B-00C04F79EFBC}") = "Jogodexadrez", "Jogodexadrez\Jogodexadrez.csproj", "{D322F96E-C1C9-4579-A67D-5DAF9FB735B7}"
EndProject
Global
	GlobalSection(SolutionConfigurationPlatforms) = preSolution
		Debug|Any CPU = Debug|Any CPU
		Release|Any CPU = Release|Any CPU
	EndGlobalSection
	GlobalSection(ProjectConfigurationPlatforms) = postSolution
		{D322F96E-C1C9-4579-A67D-5DAF9FB735B7}.Debug|Any CPU.ActiveCfg = Debug|Any CPU
		{D322F96E-C1C9-4579-A67D-5DAF9FB735B7}.Debug|Any CPU.Build.0 = Debug|Any CPU
		{D322F96E-C1C9-4579-A67D-5DAF9FB735B7}.Release|Any CPU.ActiveCfg = Release|Any CPU
		{D322F96E-C1C9-4579-A67D-5DAF9FB735B7}.Release|Any CPU.Build.0 = Release|Any CPU
	EndGlobalSection
	GlobalSection(SolutionProperties) = preSolution
		HideSolutionNode = FALSE
	EndGlobalSection
	GlobalSection(ExtensibilityGlobals) = postSolution
		SolutionGuid = {0120F453-2943-40C0-91AB-57312DC8FCEA}
	EndGlobalSection
EndGlobal
